{
    "_readme": [
        "This file locks the dependencies of your project to a known state",
        "Read more about it at https://getcomposer.org/doc/01-basic-usage.md#installing-dependencies",
        "This file is @generated automatically"
    ],
    "content-hash": "2a9d9d9dd6a1949949ec55c8bd6ced55",
    "packages": [
        {
            "name": "brain/hierarchy",
            "version": "2.7.0",
            "source": {
                "type": "git",
                "url": "https://github.com/Brain-WP/Hierarchy.git",
                "reference": "328b2e8a5d8e1e3fa2fe9220c2e4f2579b749a45"
            },
            "dist": {
                "type": "zip",
                "url": "https://api.github.com/repos/Brain-WP/Hierarchy/zipball/328b2e8a5d8e1e3fa2fe9220c2e4f2579b749a45",
                "reference": "328b2e8a5d8e1e3fa2fe9220c2e4f2579b749a45",
                "shasum": ""
            },
            "require": {
                "php": ">=5.6"
            },
            "require-dev": {
                "brain/monkey": "^2",
                "gmazzap/andrew": "~1.0",
                "mockery/mockery": "^1",
                "phpunit/phpunit": "^5.7",
                "symfony/finder": "~2.7.0"
            },
            "suggest": {
                "symfony/finder": "Allows loading of templates using Symfony finder component."
            },
            "type": "library",
            "extra": {
                "branch-alias": {
                    "dev-master": "2.x-dev"
                }
            },
            "autoload": {
                "psr-4": {
                    "Brain\\Hierarchy\\": "src/"
                }
            },
            "notification-url": "https://packagist.org/downloads/",
            "license": [
                "MIT"
            ],
            "authors": [
                {
                    "name": "Giuseppe Mazzapica",
                    "email": "giuseppe.mazzapica@gmail.com"
                }
            ],
            "description": "No-dependencies package that embodies WordPress template hierarchy",
            "keywords": [
                "wordpress"
            ],
            "support": {
                "issues": "https://github.com/Brain-WP/Hierarchy/issues",
                "source": "https://github.com/Brain-WP/Hierarchy/Hierarchy"
            },
            "time": "2022-02-08T10:21:43+00:00"
        },
        {
            "name": "composer/installers",
            "version": "v1.12.0",
            "source": {
                "type": "git",
                "url": "https://github.com/composer/installers.git",
                "reference": "d20a64ed3c94748397ff5973488761b22f6d3f19"
            },
            "dist": {
                "type": "zip",
                "url": "https://api.github.com/repos/composer/installers/zipball/d20a64ed3c94748397ff5973488761b22f6d3f19",
                "reference": "d20a64ed3c94748397ff5973488761b22f6d3f19",
                "shasum": ""
            },
            "require": {
                "composer-plugin-api": "^1.0 || ^2.0"
            },
            "replace": {
                "roundcube/plugin-installer": "*",
                "shama/baton": "*"
            },
            "require-dev": {
                "composer/composer": "1.6.* || ^2.0",
                "composer/semver": "^1 || ^3",
                "phpstan/phpstan": "^0.12.55",
                "phpstan/phpstan-phpunit": "^0.12.16",
                "symfony/phpunit-bridge": "^4.2 || ^5",
                "symfony/process": "^2.3"
            },
            "type": "composer-plugin",
            "extra": {
                "class": "Composer\\Installers\\Plugin",
                "branch-alias": {
                    "dev-main": "1.x-dev"
                }
            },
            "autoload": {
                "psr-4": {
                    "Composer\\Installers\\": "src/Composer/Installers"
                }
            },
            "notification-url": "https://packagist.org/downloads/",
            "license": [
                "MIT"
            ],
            "authors": [
                {
                    "name": "Kyle Robinson Young",
                    "email": "kyle@dontkry.com",
                    "homepage": "https://github.com/shama"
                }
            ],
            "description": "A multi-framework Composer library installer",
            "homepage": "https://composer.github.io/installers/",
            "keywords": [
                "Craft",
                "Dolibarr",
                "Eliasis",
                "Hurad",
                "ImageCMS",
                "Kanboard",
                "Lan Management System",
                "MODX Evo",
                "MantisBT",
                "Mautic",
                "Maya",
                "OXID",
                "Plentymarkets",
                "Porto",
                "RadPHP",
                "SMF",
                "Starbug",
                "Thelia",
                "Whmcs",
                "WolfCMS",
                "agl",
                "aimeos",
                "annotatecms",
                "attogram",
                "bitrix",
                "cakephp",
                "chef",
                "cockpit",
                "codeigniter",
                "concrete5",
                "croogo",
                "dokuwiki",
                "drupal",
                "eZ Platform",
                "elgg",
                "expressionengine",
                "fuelphp",
                "grav",
                "installer",
                "itop",
                "joomla",
                "known",
                "kohana",
                "laravel",
                "lavalite",
                "lithium",
                "magento",
                "majima",
                "mako",
                "mediawiki",
                "miaoxing",
                "modulework",
                "modx",
                "moodle",
                "osclass",
                "pantheon",
                "phpbb",
                "piwik",
                "ppi",
                "processwire",
                "puppet",
                "pxcms",
                "reindex",
                "roundcube",
                "shopware",
                "silverstripe",
                "sydes",
                "sylius",
                "symfony",
                "tastyigniter",
                "typo3",
                "wordpress",
                "yawik",
                "zend",
                "zikula"
            ],
            "support": {
                "issues": "https://github.com/composer/installers/issues",
                "source": "https://github.com/composer/installers/tree/v1.12.0"
            },
            "funding": [
                {
                    "url": "https://packagist.com",
                    "type": "custom"
                },
                {
                    "url": "https://github.com/composer",
                    "type": "github"
                },
                {
                    "url": "https://tidelift.com/funding/github/packagist/composer/composer",
                    "type": "tidelift"
                }
            ],
            "time": "2021-09-13T08:19:44+00:00"
        },
        {
            "name": "log1x/sage-directives",
            "version": "v2.0.2",
            "source": {
                "type": "git",
                "url": "https://github.com/Log1x/sage-directives.git",
                "reference": "59ef6974ca44f9f48eeb1b8b15351fe02536acd2"
            },
            "dist": {
                "type": "zip",
                "url": "https://api.github.com/repos/Log1x/sage-directives/zipball/59ef6974ca44f9f48eeb1b8b15351fe02536acd2",
                "reference": "59ef6974ca44f9f48eeb1b8b15351fe02536acd2",
                "shasum": ""
            },
            "require": {
                "php": ">=8.1"
            },
            "require-dev": {
                "laravel/pint": "^1.10",
                "pestphp/pest": "^2.9",
                "roots/acorn": "*"
            },
            "type": "package",
            "extra": {
                "acorn": {
                    "providers": [
                        "Log1x\\SageDirectives\\SageDirectivesServiceProvider"
                    ]
                }
            },
            "autoload": {
                "psr-4": {
                    "Log1x\\SageDirectives\\": "src/"
                }
            },
            "notification-url": "https://packagist.org/downloads/",
            "license": [
                "MIT"
            ],
            "authors": [
                {
                    "name": "Brandon Nifong",
                    "email": "brandon@tendency.me"
                }
            ],
            "description": "A set of Blade directives for use with Roots Sage.",
            "homepage": "https://github.com/log1x/sage-directives",
            "keywords": [
                "acorn",
                "blade",
                "blade-directives",
                "directives",
                "roots",
                "sage",
                "wordpress"
            ],
            "support": {
                "issues": "https://github.com/log1x/sage-directives/issues",
                "source": "https://github.com/Log1x/sage-directives/tree/v2.0.2"
            },
            "funding": [
                {
                    "url": "https://github.com/Log1x",
                    "type": "github"
                }
            ],
            "time": "2023-08-01T03:40:57+00:00"
        },
        {
            "name": "soberwp/controller",
            "version": "2.1.3",
            "source": {
                "type": "git",
                "url": "https://github.com/soberwp/controller.git",
                "reference": "af84ce8357a5112c93f68826793fc512ba5d1792"
            },
            "dist": {
                "type": "zip",
                "url": "https://api.github.com/repos/soberwp/controller/zipball/af84ce8357a5112c93f68826793fc512ba5d1792",
                "reference": "af84ce8357a5112c93f68826793fc512ba5d1792",
                "shasum": ""
            },
            "require": {
                "brain/hierarchy": "^2.4.0",
                "php": ">=5.6.0"
            },
            "require-dev": {
                "squizlabs/php_codesniffer": "^3.2"
            },
            "type": "package",
            "autoload": {
                "files": [
                    "controller.php"
                ],
                "psr-4": {
                    "Sober\\Controller\\": "src/"
                }
            },
            "notification-url": "https://packagist.org/downloads/",
            "license": [
                "MIT"
            ],
            "authors": [
                {
                    "name": "Darren Jacoby",
                    "email": "darren@jacoby.co.za",
                    "homepage": "https://github.com/darrenjacoby"
                }
            ],
            "description": "WordPress package to enable a basic controller when using Blade with Sage 9",
            "homepage": "https://github.com/soberwp",
            "keywords": [
                "wordpress"
            ],
            "support": {
                "issues": "https://github.com/soberwp/controller/issues",
                "source": "https://github.com/soberwp/controller/tree/2.1.3"
            },
            "abandoned": true,
            "time": "2021-05-27T14:42:31+00:00"
        }
    ],
    "packages-dev": [
        {
            "name": "squizlabs/php_codesniffer",
            "version": "3.7.2",
            "source": {
                "type": "git",
                "url": "https://github.com/PHPCSStandards/PHP_CodeSniffer.git",
                "reference": "ed8e00df0a83aa96acf703f8c2979ff33341f879"
            },
            "dist": {
                "type": "zip",
                "url": "https://api.github.com/repos/PHPCSStandards/PHP_CodeSniffer/zipball/ed8e00df0a83aa96acf703f8c2979ff33341f879",
                "reference": "ed8e00df0a83aa96acf703f8c2979ff33341f879",
                "shasum": ""
            },
            "require": {
                "ext-simplexml": "*",
                "ext-tokenizer": "*",
                "ext-xmlwriter": "*",
                "php": ">=5.4.0"
            },
            "require-dev": {
                "phpunit/phpunit": "^4.0 || ^5.0 || ^6.0 || ^7.0"
            },
            "bin": [
                "bin/phpcs",
                "bin/phpcbf"
            ],
            "type": "library",
            "extra": {
                "branch-alias": {
                    "dev-master": "3.x-dev"
                }
            },
            "notification-url": "https://packagist.org/downloads/",
            "license": [
                "BSD-3-Clause"
            ],
            "authors": [
                {
                    "name": "Greg Sherwood",
                    "role": "lead"
                }
            ],
            "description": "PHP_CodeSniffer tokenizes PHP, JavaScript and CSS files and detects violations of a defined set of coding standards.",
            "homepage": "https://github.com/squizlabs/PHP_CodeSniffer",
            "keywords": [
                "phpcs",
                "standards",
                "static analysis"
            ],
            "support": {
                "issues": "https://github.com/squizlabs/PHP_CodeSniffer/issues",
                "source": "https://github.com/squizlabs/PHP_CodeSniffer",
                "wiki": "https://github.com/squizlabs/PHP_CodeSniffer/wiki"
            },
            "funding": [
                {
                    "url": "https://github.com/PHPCSStandards",
                    "type": "github"
                },
                {
                    "url": "https://github.com/jrfnl",
                    "type": "github"
                },
                {
                    "url": "https://opencollective.com/php_codesniffer",
                    "type": "open_collective"
                }
            ],
            "time": "2023-02-22T23:07:41+00:00"
        }
    ],
    "aliases": [],
    "minimum-stability": "dev",
    "stability-flags": [],
    "prefer-stable": true,
    "prefer-lowest": false,
    "platform": {
        "php": "^8.0"
    },
    "platform-dev": [],
    "plugin-api-version": "2.1.0"
}
